
Microsoft Visual Studio Solution File, Format Version 12.00
# Visual Studio Version 17
VisualStudioVersion = 17.9.34622.214
MinimumVisualStudioVersion = 10.0.40219.1
Project("{8BC9CEB8-8B4A-11D0-8D11-00A0C91BC942}") = "Menu_5opciones", "Menu_5opciones\Menu_5opciones.vcxproj", "{EB4587E1-7E28-47D1-9AE7-8FA7D940CE8C}"
EndProject
Global
	GlobalSection(SolutionConfigurationPlatforms) = preSolution
		Debug|x64 = Debug|x64
		Debug|x86 = Debug|x86
		Release|x64 = Release|x64
		Release|x86 = Release|x86
	EndGlobalSection
	GlobalSection(ProjectConfigurationPlatforms) = postSolution
		{EB4587E1-7E28-47D1-9AE7-8FA7D940CE8C}.Debug|x64.ActiveCfg = Debug|x64
		{EB4587E1-7E28-47D1-9AE7-8FA7D940CE8C}.Debug|x64.Build.0 = Debug|x64
		{EB4587E1-7E28-47D1-9AE7-8FA7D940CE8C}.Debug|x86.ActiveCfg = Debug|Win32
		{EB4587E1-7E28-47D1-9AE7-8FA7D940CE8C}.Debug|x86.Build.0 = Debug|Win32
		{EB4587E1-7E28-47D1-9AE7-8FA7D940CE8C}.Release|x64.ActiveCfg = Release|x64
		{EB4587E1-7E28-47D1-9AE7-8FA7D940CE8C}.Release|x64.Build.0 = Release|x64
		{EB4587E1-7E28-47D1-9AE7-8FA7D940CE8C}.Release|x86.ActiveCfg = Release|Win32
		{EB4587E1-7E28-47D1-9AE7-8FA7D940CE8C}.Release|x86.Build.0 = Release|Win32
	EndGlobalSection
	GlobalSection(SolutionProperties) = preSolution
		HideSolutionNode = FALSE
	EndGlobalSection
	GlobalSection(ExtensibilityGlobals) = postSolution
		SolutionGuid = {A6E9D4A6-14D3-4428-B0E5-D5EC786C3EB4}
	EndGlobalSection
EndGlobal
