
Microsoft Visual Studio Solution File, Format Version 12.00
# Visual Studio Version 17
VisualStudioVersion = 17.9.34622.214
MinimumVisualStudioVersion = 10.0.40219.1
Project("{8BC9CEB8-8B4A-11D0-8D11-00A0C91BC942}") = "Numero primo", "Numero primo.vcxproj", "{13E84A45-351B-467E-86D2-0A22806DAA55}"
EndProject
Global
	GlobalSection(SolutionConfigurationPlatforms) = preSolution
		Debug|x64 = Debug|x64
		Debug|x86 = Debug|x86
		Release|x64 = Release|x64
		Release|x86 = Release|x86
	EndGlobalSection
	GlobalSection(ProjectConfigurationPlatforms) = postSolution
		{13E84A45-351B-467E-86D2-0A22806DAA55}.Debug|x64.ActiveCfg = Debug|x64
		{13E84A45-351B-467E-86D2-0A22806DAA55}.Debug|x64.Build.0 = Debug|x64
		{13E84A45-351B-467E-86D2-0A22806DAA55}.Debug|x86.ActiveCfg = Debug|Win32
		{13E84A45-351B-467E-86D2-0A22806DAA55}.Debug|x86.Build.0 = Debug|Win32
		{13E84A45-351B-467E-86D2-0A22806DAA55}.Release|x64.ActiveCfg = Release|x64
		{13E84A45-351B-467E-86D2-0A22806DAA55}.Release|x64.Build.0 = Release|x64
		{13E84A45-351B-467E-86D2-0A22806DAA55}.Release|x86.ActiveCfg = Release|Win32
		{13E84A45-351B-467E-86D2-0A22806DAA55}.Release|x86.Build.0 = Release|Win32
	EndGlobalSection
	GlobalSection(SolutionProperties) = preSolution
		HideSolutionNode = FALSE
	EndGlobalSection
	GlobalSection(ExtensibilityGlobals) = postSolution
		SolutionGuid = {168E73E9-67C3-44D3-8062-2FBB90D0F7E8}
	EndGlobalSection
EndGlobal
