
Microsoft Visual Studio Solution File, Format Version 12.00
# Visual Studio Version 17
VisualStudioVersion = 17.9.34728.123
MinimumVisualStudioVersion = 10.0.40219.1
Project("{8BC9CEB8-8B4A-11D0-8D11-00A0C91BC942}") = "suma de elementos", "suma de elementos\suma de elementos.vcxproj", "{CF20E0E5-AD8F-46A3-900F-40918CA6B235}"
EndProject
Global
	GlobalSection(SolutionConfigurationPlatforms) = preSolution
		Debug|x64 = Debug|x64
		Debug|x86 = Debug|x86
		Release|x64 = Release|x64
		Release|x86 = Release|x86
	EndGlobalSection
	GlobalSection(ProjectConfigurationPlatforms) = postSolution
		{CF20E0E5-AD8F-46A3-900F-40918CA6B235}.Debug|x64.ActiveCfg = Debug|x64
		{CF20E0E5-AD8F-46A3-900F-40918CA6B235}.Debug|x64.Build.0 = Debug|x64
		{CF20E0E5-AD8F-46A3-900F-40918CA6B235}.Debug|x86.ActiveCfg = Debug|Win32
		{CF20E0E5-AD8F-46A3-900F-40918CA6B235}.Debug|x86.Build.0 = Debug|Win32
		{CF20E0E5-AD8F-46A3-900F-40918CA6B235}.Release|x64.ActiveCfg = Release|x64
		{CF20E0E5-AD8F-46A3-900F-40918CA6B235}.Release|x64.Build.0 = Release|x64
		{CF20E0E5-AD8F-46A3-900F-40918CA6B235}.Release|x86.ActiveCfg = Release|Win32
		{CF20E0E5-AD8F-46A3-900F-40918CA6B235}.Release|x86.Build.0 = Release|Win32
	EndGlobalSection
	GlobalSection(SolutionProperties) = preSolution
		HideSolutionNode = FALSE
	EndGlobalSection
	GlobalSection(ExtensibilityGlobals) = postSolution
		SolutionGuid = {DEA5EA08-A3FE-4933-B59D-F25A3D2C2AB0}
	EndGlobalSection
EndGlobal
