
Microsoft Visual Studio Solution File, Format Version 12.00
# Visual Studio Version 17
VisualStudioVersion = 17.9.34622.214
MinimumVisualStudioVersion = 10.0.40219.1
Project("{8BC9CEB8-8B4A-11D0-8D11-00A0C91BC942}") = "calculadora ciclo infinito", "calculadora ciclo infinito\calculadora ciclo infinito.vcxproj", "{FDB9EE01-445F-408F-93A8-679EB5F9028C}"
EndProject
Global
	GlobalSection(SolutionConfigurationPlatforms) = preSolution
		Debug|x64 = Debug|x64
		Debug|x86 = Debug|x86
		Release|x64 = Release|x64
		Release|x86 = Release|x86
	EndGlobalSection
	GlobalSection(ProjectConfigurationPlatforms) = postSolution
		{FDB9EE01-445F-408F-93A8-679EB5F9028C}.Debug|x64.ActiveCfg = Debug|x64
		{FDB9EE01-445F-408F-93A8-679EB5F9028C}.Debug|x64.Build.0 = Debug|x64
		{FDB9EE01-445F-408F-93A8-679EB5F9028C}.Debug|x86.ActiveCfg = Debug|Win32
		{FDB9EE01-445F-408F-93A8-679EB5F9028C}.Debug|x86.Build.0 = Debug|Win32
		{FDB9EE01-445F-408F-93A8-679EB5F9028C}.Release|x64.ActiveCfg = Release|x64
		{FDB9EE01-445F-408F-93A8-679EB5F9028C}.Release|x64.Build.0 = Release|x64
		{FDB9EE01-445F-408F-93A8-679EB5F9028C}.Release|x86.ActiveCfg = Release|Win32
		{FDB9EE01-445F-408F-93A8-679EB5F9028C}.Release|x86.Build.0 = Release|Win32
	EndGlobalSection
	GlobalSection(SolutionProperties) = preSolution
		HideSolutionNode = FALSE
	EndGlobalSection
	GlobalSection(ExtensibilityGlobals) = postSolution
		SolutionGuid = {961CF821-4660-438D-A838-9974720B9F9C}
	EndGlobalSection
EndGlobal
